
Microsoft Visual Studio Solution File, Format Version 12.00
# Visual Studio Version 17
VisualStudioVersion = 17.8.34330.188
MinimumVisualStudioVersion = 10.0.40219.1
Project("{FAE04EC0-301F-11D3-BF4B-00C04F79EFBC}") = "BackEndDevChallenge", "BackEndDevChallenge\BackEndDevChallenge.csproj", "{DC7AB359-A2EE-49DA-BD97-6E7056041DB4}"
EndProject
Global
	GlobalSection(SolutionConfigurationPlatforms) = preSolution
		Debug|Any CPU = Debug|Any CPU
		Release|Any CPU = Release|Any CPU
	EndGlobalSection
	GlobalSection(ProjectConfigurationPlatforms) = postSolution
		{DC7AB359-A2EE-49DA-BD97-6E7056041DB4}.Debug|Any CPU.ActiveCfg = Debug|Any CPU
		{DC7AB359-A2EE-49DA-BD97-6E7056041DB4}.Debug|Any CPU.Build.0 = Debug|Any CPU
		{DC7AB359-A2EE-49DA-BD97-6E7056041DB4}.Release|Any CPU.ActiveCfg = Release|Any CPU
		{DC7AB359-A2EE-49DA-BD97-6E7056041DB4}.Release|Any CPU.Build.0 = Release|Any CPU
	EndGlobalSection
	GlobalSection(SolutionProperties) = preSolution
		HideSolutionNode = FALSE
	EndGlobalSection
	GlobalSection(ExtensibilityGlobals) = postSolution
		SolutionGuid = {9FAE5FFC-2C4E-4659-9861-ED7306908E04}
	EndGlobalSection
EndGlobal
